schema: '2.0'
stages:
  data_ingestion:
    cmd: python src/data_ingestion.py
    deps:
    - path: src/data_ingestion.py
      hash: md5
      md5: 475cce65213e8cbc72392d781e899308
      size: 3380
    params:
      params.yaml:
        data_ingestion.test_size: 0.15
    outs:
    - path: data/raw
      hash: md5
      md5: dba65dc4423fb003721931e6d453bfe3.dir
      size: 41363679
      nfiles: 2
  data_preprocessing:
    cmd: python src/data_preprocessing.py
    deps:
    - path: data/raw
      hash: md5
      md5: dba65dc4423fb003721931e6d453bfe3.dir
      size: 41363679
      nfiles: 2
    - path: src/data_preprocessing.py
      hash: md5
      md5: bafaf8393af71cad6e8336e19461a29f
      size: 4715
    outs:
    - path: data/processed
      hash: md5
      md5: cee4cd99d7f6c383f0dd0cc3cbc97d46.dir
      size: 82161143
      nfiles: 2
  feature_engineering:
    cmd: python src/feature_add.py
    deps:
    - path: data/processed
      hash: md5
      md5: cee4cd99d7f6c383f0dd0cc3cbc97d46.dir
      size: 82161143
      nfiles: 2
    - path: src/feature_add.py
      hash: md5
      md5: ce03213aed43f89a6c25a39f06d12e06
      size: 3604
    outs:
    - path: data/final
      hash: md5
      md5: 6f09c39b05d5ffa2a1d8a318ce54a437.dir
      size: 82661175
      nfiles: 2
  model_building:
    cmd: python src/model_building.py
    deps:
    - path: data/final
      hash: md5
      md5: 6f09c39b05d5ffa2a1d8a318ce54a437.dir
      size: 82661175
      nfiles: 2
    - path: src/model_building.py
      hash: md5
      md5: 4b164192730ee96f1bceea07dc9b08ba
      size: 4517
    params:
      params.yaml:
        model_building.max_iter: 1000
        model_building.n_estimators: 150
        model_building.random_state: 30
    outs:
    - path: models
      hash: md5
      md5: 6c47a53d11d2acd483f2aef55cb0675c.dir
      size: 320277934
      nfiles: 3
  model_evaluation:
    cmd: python src/model_evaluation.py
    deps:
    - path: models
      hash: md5
      md5: 6c47a53d11d2acd483f2aef55cb0675c.dir
      size: 320277934
      nfiles: 3
    - path: src/model_evaluation.py
      hash: md5
      md5: f4fea00bcdccf98ecdef405e73ca1b60
      size: 5588
    outs:
    - path: reports/metrics.json
      hash: md5
      md5: 4df833f2acac8d66d78f341e1025f4f1
      size: 559
